// !$*UTF8*$!
{
	archiveVersion = 1;
	classes = {
	};
	objectVersion = 51;
	objects = {

/* Begin PBXBuildFile section */
		60405DEF384D832C7B21F185 /* Pods_ParsetagramTests.framework in Frameworks */ = {isa = PBXBuildFile; fileRef = 0EAC70606810D1997DB7FDD2 /* Pods_ParsetagramTests.framework */; };
		6EB3A7418698D391015072D7 /* Pods_Parsetagram.framework in Frameworks */ = {isa = PBXBuildFile; fileRef = D84D58D3345F2BEA157441BB /* Pods_Parsetagram.framework */; };
		A70D7864254104BC00E7945F /* AppDelegate.swift in Sources */ = {isa = PBXBuildFile; fileRef = A70D7863254104BC00E7945F /* AppDelegate.swift */; };
		A70D7866254104BC00E7945F /* SceneDelegate.swift in Sources */ = {isa = PBXBuildFile; fileRef = A70D7865254104BC00E7945F /* SceneDelegate.swift */; };
		A70D786B254104BC00E7945F /* Main.storyboard in Resources */ = {isa = PBXBuildFile; fileRef = A70D7869254104BC00E7945F /* Main.storyboard */; };
		A70D786D254104BF00E7945F /* Assets.xcassets in Resources */ = {isa = PBXBuildFile; fileRef = A70D786C254104BF00E7945F /* Assets.xcassets */; };
		A70D7870254104BF00E7945F /* LaunchScreen.storyboard in Resources */ = {isa = PBXBuildFile; fileRef = A70D786E254104BF00E7945F /* LaunchScreen.storyboard */; };
		A70D787B254104C000E7945F /* ParsetagramTests.swift in Sources */ = {isa = PBXBuildFile; fileRef = A70D787A254104C000E7945F /* ParsetagramTests.swift */; };
		A70D7886254104C000E7945F /* ParsetagramUITests.swift in Sources */ = {isa = PBXBuildFile; fileRef = A70D7885254104C000E7945F /* ParsetagramUITests.swift */; };
		A753614025411A3C0070148D /* CameraViewController.swift in Sources */ = {isa = PBXBuildFile; fileRef = A753613F25411A3C0070148D /* CameraViewController.swift */; };
		A7A6A83B2541115B003D3EC8 /* LoginViewController.swift in Sources */ = {isa = PBXBuildFile; fileRef = A7A6A83A2541115B003D3EC8 /* LoginViewController.swift */; };
		A7A6A84025411168003D3EC8 /* FeedViewController.swift in Sources */ = {isa = PBXBuildFile; fileRef = A7A6A83F25411168003D3EC8 /* FeedViewController.swift */; };
		B22F7D3C2683B403DDDB69C2 /* Pods_Parsetagram_ParsetagramUITests.framework in Frameworks */ = {isa = PBXBuildFile; fileRef = 7610B8CF695CE0911FF6FF35 /* Pods_Parsetagram_ParsetagramUITests.framework */; };
/* End PBXBuildFile section */

/* Begin PBXContainerItemProxy section */
		A70D7877254104C000E7945F /* PBXContainerItemProxy */ = {
			isa = PBXContainerItemProxy;
			containerPortal = A70D7858254104BC00E7945F /* Project object */;
			proxyType = 1;
			remoteGlobalIDString = A70D785F254104BC00E7945F;
			remoteInfo = Parsetagram;
		};
		A70D7882254104C000E7945F /* PBXContainerItemProxy */ = {
			isa = PBXContainerItemProxy;
			containerPortal = A70D7858254104BC00E7945F /* Project object */;
			proxyType = 1;
			remoteGlobalIDString = A70D785F254104BC00E7945F;
			remoteInfo = Parsetagram;
		};
/* End PBXContainerItemProxy section */

/* Begin PBXFileReference section */
		0B7BDA258EA8B930D49B1AF5 /* Pods-ParsetagramTests.debug.xcconfig */ = {isa = PBXFileReference; includeInIndex = 1; lastKnownFileType = text.xcconfig; name = "Pods-ParsetagramTests.debug.xcconfig"; path = "Target Support Files/Pods-ParsetagramTests/Pods-ParsetagramTests.debug.xcconfig"; sourceTree = "<group>"; };
		0EAC70606810D1997DB7FDD2 /* Pods_ParsetagramTests.framework */ = {isa = PBXFileReference; explicitFileType = wrapper.framework; includeInIndex = 0; path = Pods_ParsetagramTests.framework; sourceTree = BUILT_PRODUCTS_DIR; };
		2AEF7024B6ECCDA660F371CE /* Pods-Parsetagram-ParsetagramUITests.release.xcconfig */ = {isa = PBXFileReference; includeInIndex = 1; lastKnownFileType = text.xcconfig; name = "Pods-Parsetagram-ParsetagramUITests.release.xcconfig"; path = "Target Support Files/Pods-Parsetagram-ParsetagramUITests/Pods-Parsetagram-ParsetagramUITests.release.xcconfig"; sourceTree = "<group>"; };
		3EC3722BEEE55D8FAEC28149 /* Pods-Parsetagram.debug.xcconfig */ = {isa = PBXFileReference; includeInIndex = 1; lastKnownFileType = text.xcconfig; name = "Pods-Parsetagram.debug.xcconfig"; path = "Target Support Files/Pods-Parsetagram/Pods-Parsetagram.debug.xcconfig"; sourceTree = "<group>"; };
		536AF09C7FD3200838CFCB0C /* Pods-Parsetagram.release.xcconfig */ = {isa = PBXFileReference; includeInIndex = 1; lastKnownFileType = text.xcconfig; name = "Pods-Parsetagram.release.xcconfig"; path = "Target Support Files/Pods-Parsetagram/Pods-Parsetagram.release.xcconfig"; sourceTree = "<group>"; };
		7610B8CF695CE0911FF6FF35 /* Pods_Parsetagram_ParsetagramUITests.framework */ = {isa = PBXFileReference; explicitFileType = wrapper.framework; includeInIndex = 0; path = Pods_Parsetagram_ParsetagramUITests.framework; sourceTree = BUILT_PRODUCTS_DIR; };
		8CF6FE98B676EB99E44A03B1 /* Pods-Parsetagram-ParsetagramUITests.debug.xcconfig */ = {isa = PBXFileReference; includeInIndex = 1; lastKnownFileType = text.xcconfig; name = "Pods-Parsetagram-ParsetagramUITests.debug.xcconfig"; path = "Target Support Files/Pods-Parsetagram-ParsetagramUITests/Pods-Parsetagram-ParsetagramUITests.debug.xcconfig"; sourceTree = "<group>"; };
		A5DE33924663D3CA9F2A0FCD /* Pods-ParsetagramTests.release.xcconfig */ = {isa = PBXFileReference; includeInIndex = 1; lastKnownFileType = text.xcconfig; name = "Pods-ParsetagramTests.release.xcconfig"; path = "Target Support Files/Pods-ParsetagramTests/Pods-ParsetagramTests.release.xcconfig"; sourceTree = "<group>"; };
		A70D7860254104BC00E7945F /* Parsetagram.app */ = {isa = PBXFileReference; explicitFileType = wrapper.application; includeInIndex = 0; path = Parsetagram.app; sourceTree = BUILT_PRODUCTS_DIR; };
		A70D7863254104BC00E7945F /* AppDelegate.swift */ = {isa = PBXFileReference; lastKnownFileType = sourcecode.swift; path = AppDelegate.swift; sourceTree = "<group>"; };
		A70D7865254104BC00E7945F /* SceneDelegate.swift */ = {isa = PBXFileReference; lastKnownFileType = sourcecode.swift; path = SceneDelegate.swift; sourceTree = "<group>"; };
		A70D786A254104BC00E7945F /* Base */ = {isa = PBXFileReference; lastKnownFileType = file.storyboard; name = Base; path = Base.lproj/Main.storyboard; sourceTree = "<group>"; };
		A70D786C254104BF00E7945F /* Assets.xcassets */ = {isa = PBXFileReference; lastKnownFileType = folder.assetcatalog; path = Assets.xcassets; sourceTree = "<group>"; };
		A70D786F254104BF00E7945F /* Base */ = {isa = PBXFileReference; lastKnownFileType = file.storyboard; name = Base; path = Base.lproj/LaunchScreen.storyboard; sourceTree = "<group>"; };
		A70D7871254104BF00E7945F /* Info.plist */ = {isa = PBXFileReference; lastKnownFileType = text.plist.xml; path = Info.plist; sourceTree = "<group>"; };
		A70D7876254104C000E7945F /* ParsetagramTests.xctest */ = {isa = PBXFileReference; explicitFileType = wrapper.cfbundle; includeInIndex = 0; path = ParsetagramTests.xctest; sourceTree = BUILT_PRODUCTS_DIR; };
		A70D787A254104C000E7945F /* ParsetagramTests.swift */ = {isa = PBXFileReference; lastKnownFileType = sourcecode.swift; path = ParsetagramTests.swift; sourceTree = "<group>"; };
		A70D787C254104C000E7945F /* Info.plist */ = {isa = PBXFileReference; lastKnownFileType = text.plist.xml; path = Info.plist; sourceTree = "<group>"; };
		A70D7881254104C000E7945F /* ParsetagramUITests.xctest */ = {isa = PBXFileReference; explicitFileType = wrapper.cfbundle; includeInIndex = 0; path = ParsetagramUITests.xctest; sourceTree = BUILT_PRODUCTS_DIR; };
		A70D7885254104C000E7945F /* ParsetagramUITests.swift */ = {isa = PBXFileReference; lastKnownFileType = sourcecode.swift; path = ParsetagramUITests.swift; sourceTree = "<group>"; };
		A70D7887254104C000E7945F /* Info.plist */ = {isa = PBXFileReference; lastKnownFileType = text.plist.xml; path = Info.plist; sourceTree = "<group>"; };
		A753613F25411A3C0070148D /* CameraViewController.swift */ = {isa = PBXFileReference; lastKnownFileType = sourcecode.swift; path = CameraViewController.swift; sourceTree = "<group>"; };
		A7A6A83A2541115B003D3EC8 /* LoginViewController.swift */ = {isa = PBXFileReference; lastKnownFileType = sourcecode.swift; path = LoginViewController.swift; sourceTree = "<group>"; };
		A7A6A83F25411168003D3EC8 /* FeedViewController.swift */ = {isa = PBXFileReference; lastKnownFileType = sourcecode.swift; path = FeedViewController.swift; sourceTree = "<group>"; };
		D84D58D3345F2BEA157441BB /* Pods_Parsetagram.framework */ = {isa = PBXFileReference; explicitFileType = wrapper.framework; includeInIndex = 0; path = Pods_Parsetagram.framework; sourceTree = BUILT_PRODUCTS_DIR; };
/* End PBXFileReference section */

/* Begin PBXFrameworksBuildPhase section */
		A70D785D254104BC00E7945F /* Frameworks */ = {
			isa = PBXFrameworksBuildPhase;
			buildActionMask = 2147483647;
			files = (
				6EB3A7418698D391015072D7 /* Pods_Parsetagram.framework in Frameworks */,
			);
			runOnlyForDeploymentPostprocessing = 0;
		};
		A70D7873254104C000E7945F /* Frameworks */ = {
			isa = PBXFrameworksBuildPhase;
			buildActionMask = 2147483647;
			files = (
				60405DEF384D832C7B21F185 /* Pods_ParsetagramTests.framework in Frameworks */,
			);
			runOnlyForDeploymentPostprocessing = 0;
		};
		A70D787E254104C000E7945F /* Frameworks */ = {
			isa = PBXFrameworksBuildPhase;
			buildActionMask = 2147483647;
			files = (
				B22F7D3C2683B403DDDB69C2 /* Pods_Parsetagram_ParsetagramUITests.framework in Frameworks */,
			);
			runOnlyForDeploymentPostprocessing = 0;
		};
/* End PBXFrameworksBuildPhase section */

/* Begin PBXGroup section */
		2BE2C91752CF9BB9DB29C822 /* Pods */ = {
			isa = PBXGroup;
			children = (
				3EC3722BEEE55D8FAEC28149 /* Pods-Parsetagram.debug.xcconfig */,
				536AF09C7FD3200838CFCB0C /* Pods-Parsetagram.release.xcconfig */,
				8CF6FE98B676EB99E44A03B1 /* Pods-Parsetagram-ParsetagramUITests.debug.xcconfig */,
				2AEF7024B6ECCDA660F371CE /* Pods-Parsetagram-ParsetagramUITests.release.xcconfig */,
				0B7BDA258EA8B930D49B1AF5 /* Pods-ParsetagramTests.debug.xcconfig */,
				A5DE33924663D3CA9F2A0FCD /* Pods-ParsetagramTests.release.xcconfig */,
			);
			path = Pods;
			sourceTree = "<group>";
		};
		6F7A136C82691882B1E25DE6 /* Frameworks */ = {
			isa = PBXGroup;
			children = (
				D84D58D3345F2BEA157441BB /* Pods_Parsetagram.framework */,
				7610B8CF695CE0911FF6FF35 /* Pods_Parsetagram_ParsetagramUITests.framework */,
				0EAC70606810D1997DB7FDD2 /* Pods_ParsetagramTests.framework */,
			);
			name = Frameworks;
			sourceTree = "<group>";
		};
		A70D7857254104BC00E7945F = {
			isa = PBXGroup;
			children = (
				A70D7862254104BC00E7945F /* Parsetagram */,
				A70D7879254104C000E7945F /* ParsetagramTests */,
				A70D7884254104C000E7945F /* ParsetagramUITests */,
				A70D7861254104BC00E7945F /* Products */,
				2BE2C91752CF9BB9DB29C822 /* Pods */,
				6F7A136C82691882B1E25DE6 /* Frameworks */,
			);
			sourceTree = "<group>";
		};
		A70D7861254104BC00E7945F /* Products */ = {
			isa = PBXGroup;
			children = (
				A70D7860254104BC00E7945F /* Parsetagram.app */,
				A70D7876254104C000E7945F /* ParsetagramTests.xctest */,
				A70D7881254104C000E7945F /* ParsetagramUITests.xctest */,
			);
			name = Products;
			sourceTree = "<group>";
		};
		A70D7862254104BC00E7945F /* Parsetagram */ = {
			isa = PBXGroup;
			children = (
				A70D7863254104BC00E7945F /* AppDelegate.swift */,
				A70D7865254104BC00E7945F /* SceneDelegate.swift */,
				A70D7869254104BC00E7945F /* Main.storyboard */,
				A70D786C254104BF00E7945F /* Assets.xcassets */,
				A70D786E254104BF00E7945F /* LaunchScreen.storyboard */,
				A70D7871254104BF00E7945F /* Info.plist */,
				A7A6A83A2541115B003D3EC8 /* LoginViewController.swift */,
				A7A6A83F25411168003D3EC8 /* FeedViewController.swift */,
				A753613F25411A3C0070148D /* CameraViewController.swift */,
			);
			path = Parsetagram;
			sourceTree = "<group>";
		};
		A70D7879254104C000E7945F /* ParsetagramTests */ = {
			isa = PBXGroup;
			children = (
				A70D787A254104C000E7945F /* ParsetagramTests.swift */,
				A70D787C254104C000E7945F /* Info.plist */,
			);
			path = ParsetagramTests;
			sourceTree = "<group>";
		};
		A70D7884254104C000E7945F /* ParsetagramUITests */ = {
			isa = PBXGroup;
			children = (
				A70D7885254104C000E7945F /* ParsetagramUITests.swift */,
				A70D7887254104C000E7945F /* Info.plist */,
			);
			path = ParsetagramUITests;
			sourceTree = "<group>";
		};
/* End PBXGroup section */

/* Begin PBXNativeTarget section */
		A70D785F254104BC00E7945F /* Parsetagram */ = {
			isa = PBXNativeTarget;
			buildConfigurationList = A70D788A254104C000E7945F /* Build configuration list for PBXNativeTarget "Parsetagram" */;
			buildPhases = (
				507A0627D86240D4404FB460 /* [CP] Check Pods Manifest.lock */,
				A70D785C254104BC00E7945F /* Sources */,
				A70D785D254104BC00E7945F /* Frameworks */,
				A70D785E254104BC00E7945F /* Resources */,
				D4339D8F7039C1D089314B63 /* [CP] Embed Pods Frameworks */,
			);
			buildRules = (
			);
			dependencies = (
			);
			name = Parsetagram;
			productName = Parsetagram;
			productReference = A70D7860254104BC00E7945F /* Parsetagram.app */;
			productType = "com.apple.product-type.application";
		};
		A70D7875254104C000E7945F /* ParsetagramTests */ = {
			isa = PBXNativeTarget;
			buildConfigurationList = A70D788D254104C000E7945F /* Build configuration list for PBXNativeTarget "ParsetagramTests" */;
			buildPhases = (
				E05940BA1C36DB577CAFB9AD /* [CP] Check Pods Manifest.lock */,
				A70D7872254104C000E7945F /* Sources */,
				A70D7873254104C000E7945F /* Frameworks */,
				A70D7874254104C000E7945F /* Resources */,
			);
			buildRules = (
			);
			dependencies = (
				A70D7878254104C000E7945F /* PBXTargetDependency */,
			);
			name = ParsetagramTests;
			productName = ParsetagramTests;
			productReference = A70D7876254104C000E7945F /* ParsetagramTests.xctest */;
			productType = "com.apple.product-type.bundle.unit-test";
		};
		A70D7880254104C000E7945F /* ParsetagramUITests */ = {
			isa = PBXNativeTarget;
			buildConfigurationList = A70D7890254104C000E7945F /* Build configuration list for PBXNativeTarget "ParsetagramUITests" */;
			buildPhases = (
				5E923B07346939C639A7FE44 /* [CP] Check Pods Manifest.lock */,
				A70D787D254104C000E7945F /* Sources */,
				A70D787E254104C000E7945F /* Frameworks */,
				A70D787F254104C000E7945F /* Resources */,
				06ADDADA0DFE93E10B0C9828 /* [CP] Embed Pods Frameworks */,
			);
			buildRules = (
			);
			dependencies = (
				A70D7883254104C000E7945F /* PBXTargetDependency */,
			);
			name = ParsetagramUITests;
			productName = ParsetagramUITests;
			productReference = A70D7881254104C000E7945F /* ParsetagramUITests.xctest */;
			productType = "com.apple.product-type.bundle.ui-testing";
		};
/* End PBXNativeTarget section */

/* Begin PBXProject section */
		A70D7858254104BC00E7945F /* Project object */ = {
			isa = PBXProject;
			attributes = {
				LastSwiftUpdateCheck = 1200;
				LastUpgradeCheck = 1200;
				TargetAttributes = {
					A70D785F254104BC00E7945F = {
						CreatedOnToolsVersion = 12.0.1;
					};
					A70D7875254104C000E7945F = {
						CreatedOnToolsVersion = 12.0.1;
						TestTargetID = A70D785F254104BC00E7945F;
					};
					A70D7880254104C000E7945F = {
						CreatedOnToolsVersion = 12.0.1;
						TestTargetID = A70D785F254104BC00E7945F;
					};
				};
			};
			buildConfigurationList = A70D785B254104BC00E7945F /* Build configuration list for PBXProject "Parsetagram" */;
			compatibilityVersion = "Xcode 9.3";
			developmentRegion = en;
			hasScannedForEncodings = 0;
			knownRegions = (
				en,
				Base,
			);
			mainGroup = A70D7857254104BC00E7945F;
			productRefGroup = A70D7861254104BC00E7945F /* Products */;
			projectDirPath = "";
			projectRoot = "";
			targets = (
				A70D785F254104BC00E7945F /* Parsetagram */,
				A70D7875254104C000E7945F /* ParsetagramTests */,
				A70D7880254104C000E7945F /* ParsetagramUITests */,
			);
		};
/* End PBXProject section */

/* Begin PBXResourcesBuildPhase section */
		A70D785E254104BC00E7945F /* Resources */ = {
			isa = PBXResourcesBuildPhase;
			buildActionMask = 2147483647;
			files = (
				A70D7870254104BF00E7945F /* LaunchScreen.storyboard in Resources */,
				A70D786D254104BF00E7945F /* Assets.xcassets in Resources */,
				A70D786B254104BC00E7945F /* Main.storyboard in Resources */,
			);
			runOnlyForDeploymentPostprocessing = 0;
		};
		A70D7874254104C000E7945F /* Resources */ = {
			isa = PBXResourcesBuildPhase;
			buildActionMask = 2147483647;
			files = (
			);
			runOnlyForDeploymentPostprocessing = 0;
		};
		A70D787F254104C000E7945F /* Resources */ = {
			isa = PBXResourcesBuildPhase;
			buildActionMask = 2147483647;
			files = (
			);
			runOnlyForDeploymentPostprocessing = 0;
		};
/* End PBXResourcesBuildPhase section */

/* Begin PBXShellScriptBuildPhase section */
		06ADDADA0DFE93E10B0C9828 /* [CP] Embed Pods Frameworks */ = {
			isa = PBXShellScriptBuildPhase;
			buildActionMask = 2147483647;
			files = (
			);
			inputFileListPaths = (
				"${PODS_ROOT}/Target Support Files/Pods-Parsetagram-ParsetagramUITests/Pods-Parsetagram-ParsetagramUITests-frameworks-${CONFIGURATION}-input-files.xcfilelist",
			);
			name = "[CP] Embed Pods Frameworks";
			outputFileListPaths = (
				"${PODS_ROOT}/Target Support Files/Pods-Parsetagram-ParsetagramUITests/Pods-Parsetagram-ParsetagramUITests-frameworks-${CONFIGURATION}-output-files.xcfilelist",
			);
			runOnlyForDeploymentPostprocessing = 0;
			shellPath = /bin/sh;
			shellScript = "\"${PODS_ROOT}/Target Support Files/Pods-Parsetagram-ParsetagramUITests/Pods-Parsetagram-ParsetagramUITests-frameworks.sh\"\n";
			showEnvVarsInLog = 0;
		};
		507A0627D86240D4404FB460 /* [CP] Check Pods Manifest.lock */ = {
			isa = PBXShellScriptBuildPhase;
			buildActionMask = 2147483647;
			files = (
			);
			inputFileListPaths = (
			);
			inputPaths = (
				"${PODS_PODFILE_DIR_PATH}/Podfile.lock",
				"${PODS_ROOT}/Manifest.lock",
			);
			name = "[CP] Check Pods Manifest.lock";
			outputFileListPaths = (
			);
			outputPaths = (
				"$(DERIVED_FILE_DIR)/Pods-Parsetagram-checkManifestLockResult.txt",
			);
			runOnlyForDeploymentPostprocessing = 0;
			shellPath = /bin/sh;
			shellScript = "diff \"${PODS_PODFILE_DIR_PATH}/Podfile.lock\" \"${PODS_ROOT}/Manifest.lock\" > /dev/null\nif [ $? != 0 ] ; then\n    # print error to STDERR\n    echo \"error: The sandbox is not in sync with the Podfile.lock. Run 'pod install' or update your CocoaPods installation.\" >&2\n    exit 1\nfi\n# This output is used by Xcode 'outputs' to avoid re-running this script phase.\necho \"SUCCESS\" > \"${SCRIPT_OUTPUT_FILE_0}\"\n";
			showEnvVarsInLog = 0;
		};
		5E923B07346939C639A7FE44 /* [CP] Check Pods Manifest.lock */ = {
			isa = PBXShellScriptBuildPhase;
			buildActionMask = 2147483647;
			files = (
			);
			inputFileListPaths = (
			);
			inputPaths = (
				"${PODS_PODFILE_DIR_PATH}/Podfile.lock",
				"${PODS_ROOT}/Manifest.lock",
			);
			name = "[CP] Check Pods Manifest.lock";
			outputFileListPaths = (
			);
			outputPaths = (
				"$(DERIVED_FILE_DIR)/Pods-Parsetagram-ParsetagramUITests-checkManifestLockResult.txt",
			);
			runOnlyForDeploymentPostprocessing = 0;
			shellPath = /bin/sh;
			shellScript = "diff \"${PODS_PODFILE_DIR_PATH}/Podfile.lock\" \"${PODS_ROOT}/Manifest.lock\" > /dev/null\nif [ $? != 0 ] ; then\n    # print error to STDERR\n    echo \"error: The sandbox is not in sync with the Podfile.lock. Run 'pod install' or update your CocoaPods installation.\" >&2\n    exit 1\nfi\n# This output is used by Xcode 'outputs' to avoid re-running this script phase.\necho \"SUCCESS\" > \"${SCRIPT_OUTPUT_FILE_0}\"\n";
			showEnvVarsInLog = 0;
		};
		D4339D8F7039C1D089314B63 /* [CP] Embed Pods Frameworks */ = {
			isa = PBXShellScriptBuildPhase;
			buildActionMask = 2147483647;
			files = (
			);
			inputFileListPaths = (
				"${PODS_ROOT}/Target Support Files/Pods-Parsetagram/Pods-Parsetagram-frameworks-${CONFIGURATION}-input-files.xcfilelist",
			);
			name = "[CP] Embed Pods Frameworks";
			outputFileListPaths = (
				"${PODS_ROOT}/Target Support Files/Pods-Parsetagram/Pods-Parsetagram-frameworks-${CONFIGURATION}-output-files.xcfilelist",
			);
			runOnlyForDeploymentPostprocessing = 0;
			shellPath = /bin/sh;
			shellScript = "\"${PODS_ROOT}/Target Support Files/Pods-Parsetagram/Pods-Parsetagram-frameworks.sh\"\n";
			showEnvVarsInLog = 0;
		};
		E05940BA1C36DB577CAFB9AD /* [CP] Check Pods Manifest.lock */ = {
			isa = PBXShellScriptBuildPhase;
			buildActionMask = 2147483647;
			files = (
			);
			inputFileListPaths = (
			);
			inputPaths = (
				"${PODS_PODFILE_DIR_PATH}/Podfile.lock",
				"${PODS_ROOT}/Manifest.lock",
			);
			name = "[CP] Check Pods Manifest.lock";
			outputFileListPaths = (
			);
			outputPaths = (
				"$(DERIVED_FILE_DIR)/Pods-ParsetagramTests-checkManifestLockResult.txt",
			);
			runOnlyForDeploymentPostprocessing = 0;
			shellPath = /bin/sh;
			shellScript = "diff \"${PODS_PODFILE_DIR_PATH}/Podfile.lock\" \"${PODS_ROOT}/Manifest.lock\" > /dev/null\nif [ $? != 0 ] ; then\n    # print error to STDERR\n    echo \"error: The sandbox is not in sync with the Podfile.lock. Run 'pod install' or update your CocoaPods installation.\" >&2\n    exit 1\nfi\n# This output is used by Xcode 'outputs' to avoid re-running this script phase.\necho \"SUCCESS\" > \"${SCRIPT_OUTPUT_FILE_0}\"\n";
			showEnvVarsInLog = 0;
		};
/* End PBXShellScriptBuildPhase section */

/* Begin PBXSourcesBuildPhase section */
		A70D785C254104BC00E7945F /* Sources */ = {
			isa = PBXSourcesBuildPhase;
			buildActionMask = 2147483647;
			files = (
				A7A6A83B2541115B003D3EC8 /* LoginViewController.swift in Sources */,
				A753614025411A3C0070148D /* CameraViewController.swift in Sources */,
				A70D7864254104BC00E7945F /* AppDelegate.swift in Sources */,
				A7A6A84025411168003D3EC8 /* FeedViewController.swift in Sources */,
				A70D7866254104BC00E7945F /* SceneDelegate.swift in Sources */,
			);
			runOnlyForDeploymentPostprocessing = 0;
		};
		A70D7872254104C000E7945F /* Sources */ = {
			isa = PBXSourcesBuildPhase;
			buildActionMask = 2147483647;
			files = (
				A70D787B254104C000E7945F /* ParsetagramTests.swift in Sources */,
			);
			runOnlyForDeploymentPostprocessing = 0;
		};
		A70D787D254104C000E7945F /* Sources */ = {
			isa = PBXSourcesBuildPhase;
			buildActionMask = 2147483647;
			files = (
				A70D7886254104C000E7945F /* ParsetagramUITests.swift in Sources */,
			);
			runOnlyForDeploymentPostprocessing = 0;
		};
/* End PBXSourcesBuildPhase section */

/* Begin PBXTargetDependency section */
		A70D7878254104C000E7945F /* PBXTargetDependency */ = {
			isa = PBXTargetDependency;
			target = A70D785F254104BC00E7945F /* Parsetagram */;
			targetProxy = A70D7877254104C000E7945F /* PBXContainerItemProxy */;
		};
		A70D7883254104C000E7945F /* PBXTargetDependency */ = {
			isa = PBXTargetDependency;
			target = A70D785F254104BC00E7945F /* Parsetagram */;
			targetProxy = A70D7882254104C000E7945F /* PBXContainerItemProxy */;
		};
/* End PBXTargetDependency section */

/* Begin PBXVariantGroup section */
		A70D7869254104BC00E7945F /* Main.storyboard */ = {
			isa = PBXVariantGroup;
			children = (
				A70D786A254104BC00E7945F /* Base */,
			);
			name = Main.storyboard;
			sourceTree = "<group>";
		};
		A70D786E254104BF00E7945F /* LaunchScreen.storyboard */ = {
			isa = PBXVariantGroup;
			children = (
				A70D786F254104BF00E7945F /* Base */,
			);
			name = LaunchScreen.storyboard;
			sourceTree = "<group>";
		};
/* End PBXVariantGroup section */

/* Begin XCBuildConfiguration section */
		A70D7888254104C000E7945F /* Debug */ = {
			isa = XCBuildConfiguration;
			buildSettings = {
				ALWAYS_SEARCH_USER_PATHS = NO;
				CLANG_ANALYZER_NONNULL = YES;
				CLANG_ANALYZER_NUMBER_OBJECT_CONVERSION = YES_AGGRESSIVE;
				CLANG_CXX_LANGUAGE_STANDARD = "gnu++14";
				CLANG_CXX_LIBRARY = "libc++";
				CLANG_ENABLE_MODULES = YES;
				CLANG_ENABLE_OBJC_ARC = YES;
				CLANG_ENABLE_OBJC_WEAK = YES;
				CLANG_WARN_BLOCK_CAPTURE_AUTORELEASING = YES;
				CLANG_WARN_BOOL_CONVERSION = YES;
				CLANG_WARN_COMMA = YES;
				CLANG_WARN_CONSTANT_CONVERSION = YES;
				CLANG_WARN_DEPRECATED_OBJC_IMPLEMENTATIONS = YES;
				CLANG_WARN_DIRECT_OBJC_ISA_USAGE = YES_ERROR;
				CLANG_WARN_DOCUMENTATION_COMMENTS = YES;
				CLANG_WARN_EMPTY_BODY = YES;
				CLANG_WARN_ENUM_CONVERSION = YES;
				CLANG_WARN_INFINITE_RECURSION = YES;
				CLANG_WARN_INT_CONVERSION = YES;
				CLANG_WARN_NON_LITERAL_NULL_CONVERSION = YES;
				CLANG_WARN_OBJC_IMPLICIT_RETAIN_SELF = YES;
				CLANG_WARN_OBJC_LITERAL_CONVERSION = YES;
				CLANG_WARN_OBJC_ROOT_CLASS = YES_ERROR;
				CLANG_WARN_QUOTED_INCLUDE_IN_FRAMEWORK_HEADER = YES;
				CLANG_WARN_RANGE_LOOP_ANALYSIS = YES;
				CLANG_WARN_STRICT_PROTOTYPES = YES;
				CLANG_WARN_SUSPICIOUS_MOVE = YES;
				CLANG_WARN_UNGUARDED_AVAILABILITY = YES_AGGRESSIVE;
				CLANG_WARN_UNREACHABLE_CODE = YES;
				CLANG_WARN__DUPLICATE_METHOD_MATCH = YES;
				COPY_PHASE_STRIP = NO;
				DEBUG_INFORMATION_FORMAT = dwarf;
				ENABLE_STRICT_OBJC_MSGSEND = YES;
				ENABLE_TESTABILITY = YES;
				GCC_C_LANGUAGE_STANDARD = gnu11;
				GCC_DYNAMIC_NO_PIC = NO;
				GCC_NO_COMMON_BLOCKS = YES;
				GCC_OPTIMIZATION_LEVEL = 0;
				GCC_PREPROCESSOR_DEFINITIONS = (
					"DEBUG=1",
					"$(inherited)",
				);
				GCC_WARN_64_TO_32_BIT_CONVERSION = YES;
				GCC_WARN_ABOUT_RETURN_TYPE = YES_ERROR;
				GCC_WARN_UNDECLARED_SELECTOR = YES;
				GCC_WARN_UNINITIALIZED_AUTOS = YES_AGGRESSIVE;
				GCC_WARN_UNUSED_FUNCTION = YES;
				GCC_WARN_UNUSED_VARIABLE = YES;
				IPHONEOS_DEPLOYMENT_TARGET = 14.0;
				MTL_ENABLE_DEBUG_INFO = INCLUDE_SOURCE;
				MTL_FAST_MATH = YES;
				ONLY_ACTIVE_ARCH = YES;
				SDKROOT = iphoneos;
				SWIFT_ACTIVE_COMPILATION_CONDITIONS = DEBUG;
				SWIFT_OPTIMIZATION_LEVEL = "-Onone";
			};
			name = Debug;
		};
		A70D7889254104C000E7945F /* Release */ = {
			isa = XCBuildConfiguration;
			buildSettings = {
				ALWAYS_SEARCH_USER_PATHS = NO;
				CLANG_ANALYZER_NONNULL = YES;
				CLANG_ANALYZER_NUMBER_OBJECT_CONVERSION = YES_AGGRESSIVE;
				CLANG_CXX_LANGUAGE_STANDARD = "gnu++14";
				CLANG_CXX_LIBRARY = "libc++";
				CLANG_ENABLE_MODULES = YES;
				CLANG_ENABLE_OBJC_ARC = YES;
				CLANG_ENABLE_OBJC_WEAK = YES;
				CLANG_WARN_BLOCK_CAPTURE_AUTORELEASING = YES;
				CLANG_WARN_BOOL_CONVERSION = YES;
				CLANG_WARN_COMMA = YES;
				CLANG_WARN_CONSTANT_CONVERSION = YES;
				CLANG_WARN_DEPRECATED_OBJC_IMPLEMENTATIONS = YES;
				CLANG_WARN_DIRECT_OBJC_ISA_USAGE = YES_ERROR;
				CLANG_WARN_DOCUMENTATION_COMMENTS = YES;
				CLANG_WARN_EMPTY_BODY = YES;
				CLANG_WARN_ENUM_CONVERSION = YES;
				CLANG_WARN_INFINITE_RECURSION = YES;
				CLANG_WARN_INT_CONVERSION = YES;
				CLANG_WARN_NON_LITERAL_NULL_CONVERSION = YES;
				CLANG_WARN_OBJC_IMPLICIT_RETAIN_SELF = YES;
				CLANG_WARN_OBJC_LITERAL_CONVERSION = YES;
				CLANG_WARN_OBJC_ROOT_CLASS = YES_ERROR;
				CLANG_WARN_QUOTED_INCLUDE_IN_FRAMEWORK_HEADER = YES;
				CLANG_WARN_RANGE_LOOP_ANALYSIS = YES;
				CLANG_WARN_STRICT_PROTOTYPES = YES;
				CLANG_WARN_SUSPICIOUS_MOVE = YES;
				CLANG_WARN_UNGUARDED_AVAILABILITY = YES_AGGRESSIVE;
				CLANG_WARN_UNREACHABLE_CODE = YES;
				CLANG_WARN__DUPLICATE_METHOD_MATCH = YES;
				COPY_PHASE_STRIP = NO;
				DEBUG_INFORMATION_FORMAT = "dwarf-with-dsym";
				ENABLE_NS_ASSERTIONS = NO;
				ENABLE_STRICT_OBJC_MSGSEND = YES;
				GCC_C_LANGUAGE_STANDARD = gnu11;
				GCC_NO_COMMON_BLOCKS = YES;
				GCC_WARN_64_TO_32_BIT_CONVERSION = YES;
				GCC_WARN_ABOUT_RETURN_TYPE = YES_ERROR;
				GCC_WARN_UNDECLARED_SELECTOR = YES;
				GCC_WARN_UNINITIALIZED_AUTOS = YES_AGGRESSIVE;
				GCC_WARN_UNUSED_FUNCTION = YES;
				GCC_WARN_UNUSED_VARIABLE = YES;
				IPHONEOS_DEPLOYMENT_TARGET = 14.0;
				MTL_ENABLE_DEBUG_INFO = NO;
				MTL_FAST_MATH = YES;
				SDKROOT = iphoneos;
				SWIFT_COMPILATION_MODE = wholemodule;
				SWIFT_OPTIMIZATION_LEVEL = "-O";
				VALIDATE_PRODUCT = YES;
			};
			name = Release;
		};
		A70D788B254104C000E7945F /* Debug */ = {
			isa = XCBuildConfiguration;
			baseConfigurationReference = 3EC3722BEEE55D8FAEC28149 /* Pods-Parsetagram.debug.xcconfig */;
			buildSettings = {
				ASSETCATALOG_COMPILER_APPICON_NAME = AppIcon;
				ASSETCATALOG_COMPILER_GLOBAL_ACCENT_COLOR_NAME = AccentColor;
				CODE_SIGN_STYLE = Automatic;
				DEVELOPMENT_TEAM = B972PP2T2P;
				INFOPLIST_FILE = Parsetagram/Info.plist;
				LD_RUNPATH_SEARCH_PATHS = (
					"$(inherited)",
					"@executable_path/Frameworks",
				);
				PRODUCT_BUNDLE_IDENTIFIER = "Kevin-Baker.Parsetagram";
				PRODUCT_NAME = "$(TARGET_NAME)";
				SWIFT_VERSION = 5.0;
				TARGETED_DEVICE_FAMILY = "1,2";
			};
			name = Debug;
		};
		A70D788C254104C000E7945F /* Release */ = {
			isa = XCBuildConfiguration;
			baseConfigurationReference = 536AF09C7FD3200838CFCB0C /* Pods-Parsetagram.release.xcconfig */;
			buildSettings = {
				ASSETCATALOG_COMPILER_APPICON_NAME = AppIcon;
				ASSETCATALOG_COMPILER_GLOBAL_ACCENT_COLOR_NAME = AccentColor;
				CODE_SIGN_STYLE = Automatic;
				DEVELOPMENT_TEAM = B972PP2T2P;
				INFOPLIST_FILE = Parsetagram/Info.plist;
				LD_RUNPATH_SEARCH_PATHS = (
					"$(inherited)",
					"@executable_path/Frameworks",
				);
				PRODUCT_BUNDLE_IDENTIFIER = "Kevin-Baker.Parsetagram";
				PRODUCT_NAME = "$(TARGET_NAME)";
				SWIFT_VERSION = 5.0;
				TARGETED_DEVICE_FAMILY = "1,2";
			};
			name = Release;
		};
		A70D788E254104C000E7945F /* Debug */ = {
			isa = XCBuildConfiguration;
			baseConfigurationReference = 0B7BDA258EA8B930D49B1AF5 /* Pods-ParsetagramTests.debug.xcconfig */;
			buildSettings = {
				ALWAYS_EMBED_SWIFT_STANDARD_LIBRARIES = YES;
				BUNDLE_LOADER = "$(TEST_HOST)";
				CODE_SIGN_STYLE = Automatic;
				DEVELOPMENT_TEAM = B972PP2T2P;
				INFOPLIST_FILE = ParsetagramTests/Info.plist;
				IPHONEOS_DEPLOYMENT_TARGET = 14.0;
				LD_RUNPATH_SEARCH_PATHS = (
					"$(inherited)",
					"@executable_path/Frameworks",
					"@loader_path/Frameworks",
				);
				PRODUCT_BUNDLE_IDENTIFIER = "Kevin-Baker.ParsetagramTests";
				PRODUCT_NAME = "$(TARGET_NAME)";
				SWIFT_VERSION = 5.0;
				TARGETED_DEVICE_FAMILY = "1,2";
				TEST_HOST = "$(BUILT_PRODUCTS_DIR)/Parsetagram.app/Parsetagram";
			};
			name = Debug;
		};
		A70D788F254104C000E7945F /* Release */ = {
			isa = XCBuildConfiguration;
			baseConfigurationReference = A5DE33924663D3CA9F2A0FCD /* Pods-ParsetagramTests.release.xcconfig */;
			buildSettings = {
				ALWAYS_EMBED_SWIFT_STANDARD_LIBRARIES = YES;
				BUNDLE_LOADER = "$(TEST_HOST)";
				CODE_SIGN_STYLE = Automatic;
				DEVELOPMENT_TEAM = B972PP2T2P;
				INFOPLIST_FILE = ParsetagramTests/Info.plist;
				IPHONEOS_DEPLOYMENT_TARGET = 14.0;
				LD_RUNPATH_SEARCH_PATHS = (
					"$(inherited)",
					"@executable_path/Frameworks",
					"@loader_path/Frameworks",
				);
				PRODUCT_BUNDLE_IDENTIFIER = "Kevin-Baker.ParsetagramTests";
				PRODUCT_NAME = "$(TARGET_NAME)";
				SWIFT_VERSION = 5.0;
				TARGETED_DEVICE_FAMILY = "1,2";
				TEST_HOST = "$(BUILT_PRODUCTS_DIR)/Parsetagram.app/Parsetagram";
			};
			name = Release;
		};
		A70D7891254104C000E7945F /* Debug */ = {
			isa = XCBuildConfiguration;
			baseConfigurationReference = 8CF6FE98B676EB99E44A03B1 /* Pods-Parsetagram-ParsetagramUITests.debug.xcconfig */;
			buildSettings = {
				ALWAYS_EMBED_SWIFT_STANDARD_LIBRARIES = YES;
				CODE_SIGN_STYLE = Automatic;
				DEVELOPMENT_TEAM = B972PP2T2P;
				INFOPLIST_FILE = ParsetagramUITests/Info.plist;
				LD_RUNPATH_SEARCH_PATHS = (
					"$(inherited)",
					"@executable_path/Frameworks",
					"@loader_path/Frameworks",
				);
				PRODUCT_BUNDLE_IDENTIFIER = "Kevin-Baker.ParsetagramUITests";
				PRODUCT_NAME = "$(TARGET_NAME)";
				SWIFT_VERSION = 5.0;
				TARGETED_DEVICE_FAMILY = "1,2";
				TEST_TARGET_NAME = Parsetagram;
			};
			name = Debug;
		};
		A70D7892254104C000E7945F /* Release */ = {
			isa = XCBuildConfiguration;
			baseConfigurationReference = 2AEF7024B6ECCDA660F371CE /* Pods-Parsetagram-ParsetagramUITests.release.xcconfig */;
			buildSettings = {
				ALWAYS_EMBED_SWIFT_STANDARD_LIBRARIES = YES;
				CODE_SIGN_STYLE = Automatic;
				DEVELOPMENT_TEAM = B972PP2T2P;
				INFOPLIST_FILE = ParsetagramUITests/Info.plist;
				LD_RUNPATH_SEARCH_PATHS = (
					"$(inherited)",
					"@executable_path/Frameworks",
					"@loader_path/Frameworks",
				);
				PRODUCT_BUNDLE_IDENTIFIER = "Kevin-Baker.ParsetagramUITests";
				PRODUCT_NAME = "$(TARGET_NAME)";
				SWIFT_VERSION = 5.0;
				TARGETED_DEVICE_FAMILY = "1,2";
				TEST_TARGET_NAME = Parsetagram;
			};
			name = Release;
		};
/* End XCBuildConfiguration section */

/* Begin XCConfigurationList section */
		A70D785B254104BC00E7945F /* Build configuration list for PBXProject "Parsetagram" */ = {
			isa = XCConfigurationList;
			buildConfigurations = (
				A70D7888254104C000E7945F /* Debug */,
				A70D7889254104C000E7945F /* Release */,
			);
			defaultConfigurationIsVisible = 0;
			defaultConfigurationName = Release;
		};
		A70D788A254104C000E7945F /* Build configuration list for PBXNativeTarget "Parsetagram" */ = {
			isa = XCConfigurationList;
			buildConfigurations = (
				A70D788B254104C000E7945F /* Debug */,
				A70D788C254104C000E7945F /* Release */,
			);
			defaultConfigurationIsVisible = 0;
			defaultConfigurationName = Release;
		};
		A70D788D254104C000E7945F /* Build configuration list for PBXNativeTarget "ParsetagramTests" */ = {
			isa = XCConfigurationList;
			buildConfigurations = (
				A70D788E254104C000E7945F /* Debug */,
				A70D788F254104C000E7945F /* Release */,
			);
			defaultConfigurationIsVisible = 0;
			defaultConfigurationName = Release;
		};
		A70D7890254104C000E7945F /* Build configuration list for PBXNativeTarget "ParsetagramUITests" */ = {
			isa = XCConfigurationList;
			buildConfigurations = (
				A70D7891254104C000E7945F /* Debug */,
				A70D7892254104C000E7945F /* Release */,
			);
			defaultConfigurationIsVisible = 0;
			defaultConfigurationName = Release;
		};
/* End XCConfigurationList section */
	};
	rootObject = A70D7858254104BC00E7945F /* Project object */;
}
